{
  "name": "JS",
  "lockfileVersion": 2,
  "requires": true,
  "packages": {
    "": {
      "dependencies": {
        "wsmyth-palindrome": "^0.1.2"
      }
    },
    "node_modules/wsmyth-palindrome": {
      "version": "0.1.2",
      "resolved": "https://registry.npmjs.org/wsmyth-palindrome/-/wsmyth-palindrome-0.1.2.tgz",
      "integrity": "sha512-mComF+7k4HUqAG1I6wAUKet61fiu5ZlB+QbkrAOIpj2WN0/+5CsGU0mBZkxUZej/ayOn7VpRqlffxxeRL8qUlg=="
    }
  },
  "dependencies": {
    "wsmyth-palindrome": {
      "version": "0.1.2",
      "resolved": "https://registry.npmjs.org/wsmyth-palindrome/-/wsmyth-palindrome-0.1.2.tgz",
      "integrity": "sha512-mComF+7k4HUqAG1I6wAUKet61fiu5ZlB+QbkrAOIpj2WN0/+5CsGU0mBZkxUZej/ayOn7VpRqlffxxeRL8qUlg=="
    }
  }
}
